
Microsoft Visual Studio Solution File, Format Version 12.00
# Visual Studio 15
VisualStudioVersion = 15.0.28307.271
MinimumVisualStudioVersion = 10.0.40219.1
Project("{9A19103F-16F7-4668-BE54-9A1E7A4F7556}") = "ShiftTracker.Server", "ShiftTracker.Server\ShiftTracker.Server.csproj", "{D36ACDA4-0B2D-4545-8775-8C2C4CBC6E30}"
EndProject
Project("{9A19103F-16F7-4668-BE54-9A1E7A4F7556}") = "ShiftTracker.App", "ShiftTracker.App\ShiftTracker.App.csproj", "{D447C2C2-EF84-4F9D-9DD9-E475296268BE}"
EndProject
Project("{FAE04EC0-301F-11D3-BF4B-00C04F79EFBC}") = "ShiftTracker.Shared", "Shifttracker.Shared\ShiftTracker.Shared.csproj", "{1C7CD057-6C1B-487F-B13B-4ECCF5C06C85}"
EndProject
Global
	GlobalSection(SolutionConfigurationPlatforms) = preSolution
		Debug|Any CPU = Debug|Any CPU
		Release|Any CPU = Release|Any CPU
	EndGlobalSection
	GlobalSection(ProjectConfigurationPlatforms) = postSolution
		{D36ACDA4-0B2D-4545-8775-8C2C4CBC6E30}.Debug|Any CPU.ActiveCfg = Debug|Any CPU
		{D36ACDA4-0B2D-4545-8775-8C2C4CBC6E30}.Debug|Any CPU.Build.0 = Debug|Any CPU
		{D36ACDA4-0B2D-4545-8775-8C2C4CBC6E30}.Release|Any CPU.ActiveCfg = Release|Any CPU
		{D36ACDA4-0B2D-4545-8775-8C2C4CBC6E30}.Release|Any CPU.Build.0 = Release|Any CPU
		{D447C2C2-EF84-4F9D-9DD9-E475296268BE}.Debug|Any CPU.ActiveCfg = Debug|Any CPU
		{D447C2C2-EF84-4F9D-9DD9-E475296268BE}.Debug|Any CPU.Build.0 = Debug|Any CPU
		{D447C2C2-EF84-4F9D-9DD9-E475296268BE}.Release|Any CPU.ActiveCfg = Release|Any CPU
		{D447C2C2-EF84-4F9D-9DD9-E475296268BE}.Release|Any CPU.Build.0 = Release|Any CPU
		{1C7CD057-6C1B-487F-B13B-4ECCF5C06C85}.Debug|Any CPU.ActiveCfg = Debug|Any CPU
		{1C7CD057-6C1B-487F-B13B-4ECCF5C06C85}.Debug|Any CPU.Build.0 = Debug|Any CPU
		{1C7CD057-6C1B-487F-B13B-4ECCF5C06C85}.Release|Any CPU.ActiveCfg = Release|Any CPU
		{1C7CD057-6C1B-487F-B13B-4ECCF5C06C85}.Release|Any CPU.Build.0 = Release|Any CPU
	EndGlobalSection
	GlobalSection(SolutionProperties) = preSolution
		HideSolutionNode = FALSE
	EndGlobalSection
	GlobalSection(ExtensibilityGlobals) = postSolution
		SolutionGuid = {92F8B087-7F0D-477D-8CB5-1D7B08C8B88B}
	EndGlobalSection
EndGlobal
